
Microsoft Visual Studio Solution File, Format Version 12.00
# Visual Studio Version 17
VisualStudioVersion = 17.11.35327.3
MinimumVisualStudioVersion = 10.0.40219.1
Project("{FAE04EC0-301F-11D3-BF4B-00C04F79EFBC}") = "DownloadUploadApplication", "DownloadUploadApplication\DownloadUploadApplication.csproj", "{0C3D9F4F-0FD7-409A-B3FE-2B13B4ACC4B6}"
EndProject
Global
	GlobalSection(SolutionConfigurationPlatforms) = preSolution
		Debug|Any CPU = Debug|Any CPU
		Release|Any CPU = Release|Any CPU
	EndGlobalSection
	GlobalSection(ProjectConfigurationPlatforms) = postSolution
		{0C3D9F4F-0FD7-409A-B3FE-2B13B4ACC4B6}.Debug|Any CPU.ActiveCfg = Debug|Any CPU
		{0C3D9F4F-0FD7-409A-B3FE-2B13B4ACC4B6}.Debug|Any CPU.Build.0 = Debug|Any CPU
		{0C3D9F4F-0FD7-409A-B3FE-2B13B4ACC4B6}.Release|Any CPU.ActiveCfg = Release|Any CPU
		{0C3D9F4F-0FD7-409A-B3FE-2B13B4ACC4B6}.Release|Any CPU.Build.0 = Release|Any CPU
	EndGlobalSection
	GlobalSection(SolutionProperties) = preSolution
		HideSolutionNode = FALSE
	EndGlobalSection
	GlobalSection(ExtensibilityGlobals) = postSolution
		SolutionGuid = {A7D609D7-4676-48C3-9DF4-CA781D63D722}
	EndGlobalSection
EndGlobal
